// !$*UTF8*$!
{
	archiveVersion = 1;
	classes = {
	};
	objectVersion = 56;
	objects = {

/* Begin PBXBuildFile section */
		960A2E2F2DA0DC0600B94725 /* Dynamic.swift in Sources */ = {isa = PBXBuildFile; fileRef = 960A2E2E2DA0DC0600B94725 /* Dynamic.swift */; };
		960A2E312DA2F23400B94725 /* RecipeCard.swift in Sources */ = {isa = PBXBuildFile; fileRef = 960A2E302DA2F23400B94725 /* RecipeCard.swift */; };
		960A2E332DA2FADF00B94725 /* ImageLoader.swift in Sources */ = {isa = PBXBuildFile; fileRef = 960A2E322DA2FADF00B94725 /* ImageLoader.swift */; };
		960A2E352DA2FC7200B94725 /* CachedImageView.swift in Sources */ = {isa = PBXBuildFile; fileRef = 960A2E342DA2FC7200B94725 /* CachedImageView.swift */; };
		960A2E392DA320F700B94725 /* CuisineRecipesView.swift in Sources */ = {isa = PBXBuildFile; fileRef = 960A2E382DA320F700B94725 /* CuisineRecipesView.swift */; };
		960A2E3B2DA32CB000B94725 /* LoadingOverlay.swift in Sources */ = {isa = PBXBuildFile; fileRef = 960A2E3A2DA32CB000B94725 /* LoadingOverlay.swift */; };
		9632275E2DA0CBA600C8E618 /* FetchMyRecipesApp.swift in Sources */ = {isa = PBXBuildFile; fileRef = 9632275D2DA0CBA600C8E618 /* FetchMyRecipesApp.swift */; };
		963227602DA0CBA700C8E618 /* ContentView.swift in Sources */ = {isa = PBXBuildFile; fileRef = 9632275F2DA0CBA700C8E618 /* ContentView.swift */; };
		963227622DA0CBA900C8E618 /* Assets.xcassets in Resources */ = {isa = PBXBuildFile; fileRef = 963227612DA0CBA900C8E618 /* Assets.xcassets */; };
		963227652DA0CBA900C8E618 /* Preview Assets.xcassets in Resources */ = {isa = PBXBuildFile; fileRef = 963227642DA0CBA900C8E618 /* Preview Assets.xcassets */; };
		9632276F2DA0CBAA00C8E618 /* FetchMyRecipesTests.swift in Sources */ = {isa = PBXBuildFile; fileRef = 9632276E2DA0CBAA00C8E618 /* FetchMyRecipesTests.swift */; };
		963227792DA0CBAA00C8E618 /* FetchMyRecipesUITests.swift in Sources */ = {isa = PBXBuildFile; fileRef = 963227782DA0CBAA00C8E618 /* FetchMyRecipesUITests.swift */; };
		9632277B2DA0CBAA00C8E618 /* FetchMyRecipesUITestsLaunchTests.swift in Sources */ = {isa = PBXBuildFile; fileRef = 9632277A2DA0CBAA00C8E618 /* FetchMyRecipesUITestsLaunchTests.swift */; };
		963227892DA0CC8F00C8E618 /* Recipe.swift in Sources */ = {isa = PBXBuildFile; fileRef = 963227882DA0CC8F00C8E618 /* Recipe.swift */; };
		9632278C2DA0CCFF00C8E618 /* RecipesService.swift in Sources */ = {isa = PBXBuildFile; fileRef = 9632278B2DA0CCFF00C8E618 /* RecipesService.swift */; };
		963227922DA0D0B400C8E618 /* String+Extended.swift in Sources */ = {isa = PBXBuildFile; fileRef = 963227912DA0D0B400C8E618 /* String+Extended.swift */; };
		963227952DA0D78600C8E618 /* ImageCacheManager.swift in Sources */ = {isa = PBXBuildFile; fileRef = 963227942DA0D78600C8E618 /* ImageCacheManager.swift */; };
/* End PBXBuildFile section */

/* Begin PBXContainerItemProxy section */
		9632276B2DA0CBAA00C8E618 /* PBXContainerItemProxy */ = {
			isa = PBXContainerItemProxy;
			containerPortal = 963227522DA0CBA600C8E618 /* Project object */;
			proxyType = 1;
			remoteGlobalIDString = 963227592DA0CBA600C8E618;
			remoteInfo = FetchMyRecipes;
		};
		963227752DA0CBAA00C8E618 /* PBXContainerItemProxy */ = {
			isa = PBXContainerItemProxy;
			containerPortal = 963227522DA0CBA600C8E618 /* Project object */;
			proxyType = 1;
			remoteGlobalIDString = 963227592DA0CBA600C8E618;
			remoteInfo = FetchMyRecipes;
		};
/* End PBXContainerItemProxy section */

/* Begin PBXFileReference section */
		960A2E2E2DA0DC0600B94725 /* Dynamic.swift */ = {isa = PBXFileReference; lastKnownFileType = sourcecode.swift; path = Dynamic.swift; sourceTree = "<group>"; };
		960A2E302DA2F23400B94725 /* RecipeCard.swift */ = {isa = PBXFileReference; lastKnownFileType = sourcecode.swift; path = RecipeCard.swift; sourceTree = "<group>"; };
		960A2E322DA2FADF00B94725 /* ImageLoader.swift */ = {isa = PBXFileReference; lastKnownFileType = sourcecode.swift; path = ImageLoader.swift; sourceTree = "<group>"; };
		960A2E342DA2FC7200B94725 /* CachedImageView.swift */ = {isa = PBXFileReference; lastKnownFileType = sourcecode.swift; path = CachedImageView.swift; sourceTree = "<group>"; };
		960A2E382DA320F700B94725 /* CuisineRecipesView.swift */ = {isa = PBXFileReference; lastKnownFileType = sourcecode.swift; path = CuisineRecipesView.swift; sourceTree = "<group>"; };
		960A2E3A2DA32CB000B94725 /* LoadingOverlay.swift */ = {isa = PBXFileReference; lastKnownFileType = sourcecode.swift; path = LoadingOverlay.swift; sourceTree = "<group>"; };
		9632275A2DA0CBA600C8E618 /* FetchMyRecipes.app */ = {isa = PBXFileReference; explicitFileType = wrapper.application; includeInIndex = 0; path = FetchMyRecipes.app; sourceTree = BUILT_PRODUCTS_DIR; };
		9632275D2DA0CBA600C8E618 /* FetchMyRecipesApp.swift */ = {isa = PBXFileReference; lastKnownFileType = sourcecode.swift; path = FetchMyRecipesApp.swift; sourceTree = "<group>"; };
		9632275F2DA0CBA700C8E618 /* ContentView.swift */ = {isa = PBXFileReference; lastKnownFileType = sourcecode.swift; path = ContentView.swift; sourceTree = "<group>"; };
		963227612DA0CBA900C8E618 /* Assets.xcassets */ = {isa = PBXFileReference; lastKnownFileType = folder.assetcatalog; path = Assets.xcassets; sourceTree = "<group>"; };
		963227642DA0CBA900C8E618 /* Preview Assets.xcassets */ = {isa = PBXFileReference; lastKnownFileType = folder.assetcatalog; path = "Preview Assets.xcassets"; sourceTree = "<group>"; };
		9632276A2DA0CBAA00C8E618 /* FetchMyRecipesTests.xctest */ = {isa = PBXFileReference; explicitFileType = wrapper.cfbundle; includeInIndex = 0; path = FetchMyRecipesTests.xctest; sourceTree = BUILT_PRODUCTS_DIR; };
		9632276E2DA0CBAA00C8E618 /* FetchMyRecipesTests.swift */ = {isa = PBXFileReference; lastKnownFileType = sourcecode.swift; path = FetchMyRecipesTests.swift; sourceTree = "<group>"; };
		963227742DA0CBAA00C8E618 /* FetchMyRecipesUITests.xctest */ = {isa = PBXFileReference; explicitFileType = wrapper.cfbundle; includeInIndex = 0; path = FetchMyRecipesUITests.xctest; sourceTree = BUILT_PRODUCTS_DIR; };
		963227782DA0CBAA00C8E618 /* FetchMyRecipesUITests.swift */ = {isa = PBXFileReference; lastKnownFileType = sourcecode.swift; path = FetchMyRecipesUITests.swift; sourceTree = "<group>"; };
		9632277A2DA0CBAA00C8E618 /* FetchMyRecipesUITestsLaunchTests.swift */ = {isa = PBXFileReference; lastKnownFileType = sourcecode.swift; path = FetchMyRecipesUITestsLaunchTests.swift; sourceTree = "<group>"; };
		963227882DA0CC8F00C8E618 /* Recipe.swift */ = {isa = PBXFileReference; lastKnownFileType = sourcecode.swift; path = Recipe.swift; sourceTree = "<group>"; };
		9632278B2DA0CCFF00C8E618 /* RecipesService.swift */ = {isa = PBXFileReference; lastKnownFileType = sourcecode.swift; path = RecipesService.swift; sourceTree = "<group>"; };
		963227912DA0D0B400C8E618 /* String+Extended.swift */ = {isa = PBXFileReference; lastKnownFileType = sourcecode.swift; path = "String+Extended.swift"; sourceTree = "<group>"; };
		963227942DA0D78600C8E618 /* ImageCacheManager.swift */ = {isa = PBXFileReference; lastKnownFileType = sourcecode.swift; path = ImageCacheManager.swift; sourceTree = "<group>"; };
/* End PBXFileReference section */

/* Begin PBXFrameworksBuildPhase section */
		963227572DA0CBA600C8E618 /* Frameworks */ = {
			isa = PBXFrameworksBuildPhase;
			buildActionMask = 2147483647;
			files = (
			);
			runOnlyForDeploymentPostprocessing = 0;
		};
		963227672DA0CBAA00C8E618 /* Frameworks */ = {
			isa = PBXFrameworksBuildPhase;
			buildActionMask = 2147483647;
			files = (
			);
			runOnlyForDeploymentPostprocessing = 0;
		};
		963227712DA0CBAA00C8E618 /* Frameworks */ = {
			isa = PBXFrameworksBuildPhase;
			buildActionMask = 2147483647;
			files = (
			);
			runOnlyForDeploymentPostprocessing = 0;
		};
/* End PBXFrameworksBuildPhase section */

/* Begin PBXGroup section */
		963227512DA0CBA600C8E618 = {
			isa = PBXGroup;
			children = (
				9632275C2DA0CBA600C8E618 /* FetchMyRecipes */,
				9632276D2DA0CBAA00C8E618 /* FetchMyRecipesTests */,
				963227772DA0CBAA00C8E618 /* FetchMyRecipesUITests */,
				9632275B2DA0CBA600C8E618 /* Products */,
			);
			sourceTree = "<group>";
		};
		9632275B2DA0CBA600C8E618 /* Products */ = {
			isa = PBXGroup;
			children = (
				9632275A2DA0CBA600C8E618 /* FetchMyRecipes.app */,
				9632276A2DA0CBAA00C8E618 /* FetchMyRecipesTests.xctest */,
				963227742DA0CBAA00C8E618 /* FetchMyRecipesUITests.xctest */,
			);
			name = Products;
			sourceTree = "<group>";
		};
		9632275C2DA0CBA600C8E618 /* FetchMyRecipes */ = {
			isa = PBXGroup;
			children = (
				9632275D2DA0CBA600C8E618 /* FetchMyRecipesApp.swift */,
				9632278A2DA0CC9400C8E618 /* MODEL */,
				963227872DA0CC1500C8E618 /* VIEW */,
				963227902DA0CD3700C8E618 /* VIEWMODELS */,
				9632278D2DA0CD0400C8E618 /* SERVICES */,
				963227612DA0CBA900C8E618 /* Assets.xcassets */,
				963227632DA0CBA900C8E618 /* Preview Content */,
				963227932DA0D0BA00C8E618 /* EXTENSIONS */,
			);
			path = FetchMyRecipes;
			sourceTree = "<group>";
		};
		963227632DA0CBA900C8E618 /* Preview Content */ = {
			isa = PBXGroup;
			children = (
				963227642DA0CBA900C8E618 /* Preview Assets.xcassets */,
			);
			path = "Preview Content";
			sourceTree = "<group>";
		};
		9632276D2DA0CBAA00C8E618 /* FetchMyRecipesTests */ = {
			isa = PBXGroup;
			children = (
				9632276E2DA0CBAA00C8E618 /* FetchMyRecipesTests.swift */,
			);
			path = FetchMyRecipesTests;
			sourceTree = "<group>";
		};
		963227772DA0CBAA00C8E618 /* FetchMyRecipesUITests */ = {
			isa = PBXGroup;
			children = (
				963227782DA0CBAA00C8E618 /* FetchMyRecipesUITests.swift */,
				9632277A2DA0CBAA00C8E618 /* FetchMyRecipesUITestsLaunchTests.swift */,
			);
			path = FetchMyRecipesUITests;
			sourceTree = "<group>";
		};
		963227872DA0CC1500C8E618 /* VIEW */ = {
			isa = PBXGroup;
			children = (
				9632275F2DA0CBA700C8E618 /* ContentView.swift */,
				960A2E302DA2F23400B94725 /* RecipeCard.swift */,
				960A2E342DA2FC7200B94725 /* CachedImageView.swift */,
				960A2E382DA320F700B94725 /* CuisineRecipesView.swift */,
				960A2E3A2DA32CB000B94725 /* LoadingOverlay.swift */,
			);
			path = VIEW;
			sourceTree = "<group>";
		};
		9632278A2DA0CC9400C8E618 /* MODEL */ = {
			isa = PBXGroup;
			children = (
				963227882DA0CC8F00C8E618 /* Recipe.swift */,
			);
			path = MODEL;
			sourceTree = "<group>";
		};
		9632278D2DA0CD0400C8E618 /* SERVICES */ = {
			isa = PBXGroup;
			children = (
				9632278B2DA0CCFF00C8E618 /* RecipesService.swift */,
				963227942DA0D78600C8E618 /* ImageCacheManager.swift */,
				960A2E2E2DA0DC0600B94725 /* Dynamic.swift */,
				960A2E322DA2FADF00B94725 /* ImageLoader.swift */,
			);
			path = SERVICES;
			sourceTree = "<group>";
		};
		963227902DA0CD3700C8E618 /* VIEWMODELS */ = {
			isa = PBXGroup;
			children = (
			);
			path = VIEWMODELS;
			sourceTree = "<group>";
		};
		963227932DA0D0BA00C8E618 /* EXTENSIONS */ = {
			isa = PBXGroup;
			children = (
				963227912DA0D0B400C8E618 /* String+Extended.swift */,
			);
			path = EXTENSIONS;
			sourceTree = "<group>";
		};
/* End PBXGroup section */

/* Begin PBXNativeTarget section */
		963227592DA0CBA600C8E618 /* FetchMyRecipes */ = {
			isa = PBXNativeTarget;
			buildConfigurationList = 9632277E2DA0CBAA00C8E618 /* Build configuration list for PBXNativeTarget "FetchMyRecipes" */;
			buildPhases = (
				963227562DA0CBA600C8E618 /* Sources */,
				963227572DA0CBA600C8E618 /* Frameworks */,
				963227582DA0CBA600C8E618 /* Resources */,
			);
			buildRules = (
			);
			dependencies = (
			);
			name = FetchMyRecipes;
			productName = FetchMyRecipes;
			productReference = 9632275A2DA0CBA600C8E618 /* FetchMyRecipes.app */;
			productType = "com.apple.product-type.application";
		};
		963227692DA0CBAA00C8E618 /* FetchMyRecipesTests */ = {
			isa = PBXNativeTarget;
			buildConfigurationList = 963227812DA0CBAA00C8E618 /* Build configuration list for PBXNativeTarget "FetchMyRecipesTests" */;
			buildPhases = (
				963227662DA0CBAA00C8E618 /* Sources */,
				963227672DA0CBAA00C8E618 /* Frameworks */,
				963227682DA0CBAA00C8E618 /* Resources */,
			);
			buildRules = (
			);
			dependencies = (
				9632276C2DA0CBAA00C8E618 /* PBXTargetDependency */,
			);
			name = FetchMyRecipesTests;
			productName = FetchMyRecipesTests;
			productReference = 9632276A2DA0CBAA00C8E618 /* FetchMyRecipesTests.xctest */;
			productType = "com.apple.product-type.bundle.unit-test";
		};
		963227732DA0CBAA00C8E618 /* FetchMyRecipesUITests */ = {
			isa = PBXNativeTarget;
			buildConfigurationList = 963227842DA0CBAA00C8E618 /* Build configuration list for PBXNativeTarget "FetchMyRecipesUITests" */;
			buildPhases = (
				963227702DA0CBAA00C8E618 /* Sources */,
				963227712DA0CBAA00C8E618 /* Frameworks */,
				963227722DA0CBAA00C8E618 /* Resources */,
			);
			buildRules = (
			);
			dependencies = (
				963227762DA0CBAA00C8E618 /* PBXTargetDependency */,
			);
			name = FetchMyRecipesUITests;
			productName = FetchMyRecipesUITests;
			productReference = 963227742DA0CBAA00C8E618 /* FetchMyRecipesUITests.xctest */;
			productType = "com.apple.product-type.bundle.ui-testing";
		};
/* End PBXNativeTarget section */

/* Begin PBXProject section */
		963227522DA0CBA600C8E618 /* Project object */ = {
			isa = PBXProject;
			attributes = {
				BuildIndependentTargetsInParallel = 1;
				LastSwiftUpdateCheck = 1520;
				LastUpgradeCheck = 1520;
				TargetAttributes = {
					963227592DA0CBA600C8E618 = {
						CreatedOnToolsVersion = 15.2;
					};
					963227692DA0CBAA00C8E618 = {
						CreatedOnToolsVersion = 15.2;
						TestTargetID = 963227592DA0CBA600C8E618;
					};
					963227732DA0CBAA00C8E618 = {
						CreatedOnToolsVersion = 15.2;
						TestTargetID = 963227592DA0CBA600C8E618;
					};
				};
			};
			buildConfigurationList = 963227552DA0CBA600C8E618 /* Build configuration list for PBXProject "FetchMyRecipes" */;
			compatibilityVersion = "Xcode 14.0";
			developmentRegion = en;
			hasScannedForEncodings = 0;
			knownRegions = (
				en,
				Base,
			);
			mainGroup = 963227512DA0CBA600C8E618;
			productRefGroup = 9632275B2DA0CBA600C8E618 /* Products */;
			projectDirPath = "";
			projectRoot = "";
			targets = (
				963227592DA0CBA600C8E618 /* FetchMyRecipes */,
				963227692DA0CBAA00C8E618 /* FetchMyRecipesTests */,
				963227732DA0CBAA00C8E618 /* FetchMyRecipesUITests */,
			);
		};
/* End PBXProject section */

/* Begin PBXResourcesBuildPhase section */
		963227582DA0CBA600C8E618 /* Resources */ = {
			isa = PBXResourcesBuildPhase;
			buildActionMask = 2147483647;
			files = (
				963227652DA0CBA900C8E618 /* Preview Assets.xcassets in Resources */,
				963227622DA0CBA900C8E618 /* Assets.xcassets in Resources */,
			);
			runOnlyForDeploymentPostprocessing = 0;
		};
		963227682DA0CBAA00C8E618 /* Resources */ = {
			isa = PBXResourcesBuildPhase;
			buildActionMask = 2147483647;
			files = (
			);
			runOnlyForDeploymentPostprocessing = 0;
		};
		963227722DA0CBAA00C8E618 /* Resources */ = {
			isa = PBXResourcesBuildPhase;
			buildActionMask = 2147483647;
			files = (
			);
			runOnlyForDeploymentPostprocessing = 0;
		};
/* End PBXResourcesBuildPhase section */

/* Begin PBXSourcesBuildPhase section */
		963227562DA0CBA600C8E618 /* Sources */ = {
			isa = PBXSourcesBuildPhase;
			buildActionMask = 2147483647;
			files = (
				963227952DA0D78600C8E618 /* ImageCacheManager.swift in Sources */,
				963227922DA0D0B400C8E618 /* String+Extended.swift in Sources */,
				960A2E392DA320F700B94725 /* CuisineRecipesView.swift in Sources */,
				960A2E352DA2FC7200B94725 /* CachedImageView.swift in Sources */,
				963227892DA0CC8F00C8E618 /* Recipe.swift in Sources */,
				963227602DA0CBA700C8E618 /* ContentView.swift in Sources */,
				960A2E2F2DA0DC0600B94725 /* Dynamic.swift in Sources */,
				960A2E332DA2FADF00B94725 /* ImageLoader.swift in Sources */,
				960A2E312DA2F23400B94725 /* RecipeCard.swift in Sources */,
				9632275E2DA0CBA600C8E618 /* FetchMyRecipesApp.swift in Sources */,
				9632278C2DA0CCFF00C8E618 /* RecipesService.swift in Sources */,
				960A2E3B2DA32CB000B94725 /* LoadingOverlay.swift in Sources */,
			);
			runOnlyForDeploymentPostprocessing = 0;
		};
		963227662DA0CBAA00C8E618 /* Sources */ = {
			isa = PBXSourcesBuildPhase;
			buildActionMask = 2147483647;
			files = (
				9632276F2DA0CBAA00C8E618 /* FetchMyRecipesTests.swift in Sources */,
			);
			runOnlyForDeploymentPostprocessing = 0;
		};
		963227702DA0CBAA00C8E618 /* Sources */ = {
			isa = PBXSourcesBuildPhase;
			buildActionMask = 2147483647;
			files = (
				963227792DA0CBAA00C8E618 /* FetchMyRecipesUITests.swift in Sources */,
				9632277B2DA0CBAA00C8E618 /* FetchMyRecipesUITestsLaunchTests.swift in Sources */,
			);
			runOnlyForDeploymentPostprocessing = 0;
		};
/* End PBXSourcesBuildPhase section */

/* Begin PBXTargetDependency section */
		9632276C2DA0CBAA00C8E618 /* PBXTargetDependency */ = {
			isa = PBXTargetDependency;
			target = 963227592DA0CBA600C8E618 /* FetchMyRecipes */;
			targetProxy = 9632276B2DA0CBAA00C8E618 /* PBXContainerItemProxy */;
		};
		963227762DA0CBAA00C8E618 /* PBXTargetDependency */ = {
			isa = PBXTargetDependency;
			target = 963227592DA0CBA600C8E618 /* FetchMyRecipes */;
			targetProxy = 963227752DA0CBAA00C8E618 /* PBXContainerItemProxy */;
		};
/* End PBXTargetDependency section */

/* Begin XCBuildConfiguration section */
		9632277C2DA0CBAA00C8E618 /* Debug */ = {
			isa = XCBuildConfiguration;
			buildSettings = {
				ALWAYS_SEARCH_USER_PATHS = NO;
				ASSETCATALOG_COMPILER_GENERATE_SWIFT_ASSET_SYMBOL_EXTENSIONS = YES;
				CLANG_ANALYZER_NONNULL = YES;
				CLANG_ANALYZER_NUMBER_OBJECT_CONVERSION = YES_AGGRESSIVE;
				CLANG_CXX_LANGUAGE_STANDARD = "gnu++20";
				CLANG_ENABLE_MODULES = YES;
				CLANG_ENABLE_OBJC_ARC = YES;
				CLANG_ENABLE_OBJC_WEAK = YES;
				CLANG_WARN_BLOCK_CAPTURE_AUTORELEASING = YES;
				CLANG_WARN_BOOL_CONVERSION = YES;
				CLANG_WARN_COMMA = YES;
				CLANG_WARN_CONSTANT_CONVERSION = YES;
				CLANG_WARN_DEPRECATED_OBJC_IMPLEMENTATIONS = YES;
				CLANG_WARN_DIRECT_OBJC_ISA_USAGE = YES_ERROR;
				CLANG_WARN_DOCUMENTATION_COMMENTS = YES;
				CLANG_WARN_EMPTY_BODY = YES;
				CLANG_WARN_ENUM_CONVERSION = YES;
				CLANG_WARN_INFINITE_RECURSION = YES;
				CLANG_WARN_INT_CONVERSION = YES;
				CLANG_WARN_NON_LITERAL_NULL_CONVERSION = YES;
				CLANG_WARN_OBJC_IMPLICIT_RETAIN_SELF = YES;
				CLANG_WARN_OBJC_LITERAL_CONVERSION = YES;
				CLANG_WARN_OBJC_ROOT_CLASS = YES_ERROR;
				CLANG_WARN_QUOTED_INCLUDE_IN_FRAMEWORK_HEADER = YES;
				CLANG_WARN_RANGE_LOOP_ANALYSIS = YES;
				CLANG_WARN_STRICT_PROTOTYPES = YES;
				CLANG_WARN_SUSPICIOUS_MOVE = YES;
				CLANG_WARN_UNGUARDED_AVAILABILITY = YES_AGGRESSIVE;
				CLANG_WARN_UNREACHABLE_CODE = YES;
				CLANG_WARN__DUPLICATE_METHOD_MATCH = YES;
				COPY_PHASE_STRIP = NO;
				DEBUG_INFORMATION_FORMAT = dwarf;
				ENABLE_STRICT_OBJC_MSGSEND = YES;
				ENABLE_TESTABILITY = YES;
				ENABLE_USER_SCRIPT_SANDBOXING = YES;
				GCC_C_LANGUAGE_STANDARD = gnu17;
				GCC_DYNAMIC_NO_PIC = NO;
				GCC_NO_COMMON_BLOCKS = YES;
				GCC_OPTIMIZATION_LEVEL = 0;
				GCC_PREPROCESSOR_DEFINITIONS = (
					"DEBUG=1",
					"$(inherited)",
				);
				GCC_WARN_64_TO_32_BIT_CONVERSION = YES;
				GCC_WARN_ABOUT_RETURN_TYPE = YES_ERROR;
				GCC_WARN_UNDECLARED_SELECTOR = YES;
				GCC_WARN_UNINITIALIZED_AUTOS = YES_AGGRESSIVE;
				GCC_WARN_UNUSED_FUNCTION = YES;
				GCC_WARN_UNUSED_VARIABLE = YES;
				IPHONEOS_DEPLOYMENT_TARGET = 17.2;
				LOCALIZATION_PREFERS_STRING_CATALOGS = YES;
				MTL_ENABLE_DEBUG_INFO = INCLUDE_SOURCE;
				MTL_FAST_MATH = YES;
				ONLY_ACTIVE_ARCH = YES;
				SDKROOT = iphoneos;
				SWIFT_ACTIVE_COMPILATION_CONDITIONS = "DEBUG $(inherited)";
				SWIFT_OPTIMIZATION_LEVEL = "-Onone";
			};
			name = Debug;
		};
		9632277D2DA0CBAA00C8E618 /* Release */ = {
			isa = XCBuildConfiguration;
			buildSettings = {
				ALWAYS_SEARCH_USER_PATHS = NO;
				ASSETCATALOG_COMPILER_GENERATE_SWIFT_ASSET_SYMBOL_EXTENSIONS = YES;
				CLANG_ANALYZER_NONNULL = YES;
				CLANG_ANALYZER_NUMBER_OBJECT_CONVERSION = YES_AGGRESSIVE;
				CLANG_CXX_LANGUAGE_STANDARD = "gnu++20";
				CLANG_ENABLE_MODULES = YES;
				CLANG_ENABLE_OBJC_ARC = YES;
				CLANG_ENABLE_OBJC_WEAK = YES;
				CLANG_WARN_BLOCK_CAPTURE_AUTORELEASING = YES;
				CLANG_WARN_BOOL_CONVERSION = YES;
				CLANG_WARN_COMMA = YES;
				CLANG_WARN_CONSTANT_CONVERSION = YES;
				CLANG_WARN_DEPRECATED_OBJC_IMPLEMENTATIONS = YES;
				CLANG_WARN_DIRECT_OBJC_ISA_USAGE = YES_ERROR;
				CLANG_WARN_DOCUMENTATION_COMMENTS = YES;
				CLANG_WARN_EMPTY_BODY = YES;
				CLANG_WARN_ENUM_CONVERSION = YES;
				CLANG_WARN_INFINITE_RECURSION = YES;
				CLANG_WARN_INT_CONVERSION = YES;
				CLANG_WARN_NON_LITERAL_NULL_CONVERSION = YES;
				CLANG_WARN_OBJC_IMPLICIT_RETAIN_SELF = YES;
				CLANG_WARN_OBJC_LITERAL_CONVERSION = YES;
				CLANG_WARN_OBJC_ROOT_CLASS = YES_ERROR;
				CLANG_WARN_QUOTED_INCLUDE_IN_FRAMEWORK_HEADER = YES;
				CLANG_WARN_RANGE_LOOP_ANALYSIS = YES;
				CLANG_WARN_STRICT_PROTOTYPES = YES;
				CLANG_WARN_SUSPICIOUS_MOVE = YES;
				CLANG_WARN_UNGUARDED_AVAILABILITY = YES_AGGRESSIVE;
				CLANG_WARN_UNREACHABLE_CODE = YES;
				CLANG_WARN__DUPLICATE_METHOD_MATCH = YES;
				COPY_PHASE_STRIP = NO;
				DEBUG_INFORMATION_FORMAT = "dwarf-with-dsym";
				ENABLE_NS_ASSERTIONS = NO;
				ENABLE_STRICT_OBJC_MSGSEND = YES;
				ENABLE_USER_SCRIPT_SANDBOXING = YES;
				GCC_C_LANGUAGE_STANDARD = gnu17;
				GCC_NO_COMMON_BLOCKS = YES;
				GCC_WARN_64_TO_32_BIT_CONVERSION = YES;
				GCC_WARN_ABOUT_RETURN_TYPE = YES_ERROR;
				GCC_WARN_UNDECLARED_SELECTOR = YES;
				GCC_WARN_UNINITIALIZED_AUTOS = YES_AGGRESSIVE;
				GCC_WARN_UNUSED_FUNCTION = YES;
				GCC_WARN_UNUSED_VARIABLE = YES;
				IPHONEOS_DEPLOYMENT_TARGET = 17.2;
				LOCALIZATION_PREFERS_STRING_CATALOGS = YES;
				MTL_ENABLE_DEBUG_INFO = NO;
				MTL_FAST_MATH = YES;
				SDKROOT = iphoneos;
				SWIFT_COMPILATION_MODE = wholemodule;
				VALIDATE_PRODUCT = YES;
			};
			name = Release;
		};
		9632277F2DA0CBAA00C8E618 /* Debug */ = {
			isa = XCBuildConfiguration;
			buildSettings = {
				ASSETCATALOG_COMPILER_APPICON_NAME = AppIcon;
				ASSETCATALOG_COMPILER_GLOBAL_ACCENT_COLOR_NAME = AccentColor;
				CODE_SIGN_STYLE = Automatic;
				CURRENT_PROJECT_VERSION = 1;
				DEVELOPMENT_ASSET_PATHS = "\"FetchMyRecipes/Preview Content\"";
				ENABLE_PREVIEWS = YES;
				GENERATE_INFOPLIST_FILE = YES;
				INFOPLIST_KEY_UIApplicationSceneManifest_Generation = YES;
				INFOPLIST_KEY_UIApplicationSupportsIndirectInputEvents = YES;
				INFOPLIST_KEY_UILaunchScreen_Generation = YES;
				INFOPLIST_KEY_UISupportedInterfaceOrientations_iPad = "UIInterfaceOrientationPortrait UIInterfaceOrientationPortraitUpsideDown UIInterfaceOrientationLandscapeLeft UIInterfaceOrientationLandscapeRight";
				INFOPLIST_KEY_UISupportedInterfaceOrientations_iPhone = "UIInterfaceOrientationPortrait UIInterfaceOrientationLandscapeLeft UIInterfaceOrientationLandscapeRight";
				IPHONEOS_DEPLOYMENT_TARGET = 16.0;
				LD_RUNPATH_SEARCH_PATHS = (
					"$(inherited)",
					"@executable_path/Frameworks",
				);
				MARKETING_VERSION = 1.0;
				PRODUCT_BUNDLE_IDENTIFIER = com.mwebdesign.FetchMyRecipes;
				PRODUCT_NAME = "$(TARGET_NAME)";
				SWIFT_EMIT_LOC_STRINGS = YES;
				SWIFT_VERSION = 5.0;
				TARGETED_DEVICE_FAMILY = "1,2";
			};
			name = Debug;
		};
		963227802DA0CBAA00C8E618 /* Release */ = {
			isa = XCBuildConfiguration;
			buildSettings = {
				ASSETCATALOG_COMPILER_APPICON_NAME = AppIcon;
				ASSETCATALOG_COMPILER_GLOBAL_ACCENT_COLOR_NAME = AccentColor;
				CODE_SIGN_STYLE = Automatic;
				CURRENT_PROJECT_VERSION = 1;
				DEVELOPMENT_ASSET_PATHS = "\"FetchMyRecipes/Preview Content\"";
				ENABLE_PREVIEWS = YES;
				GENERATE_INFOPLIST_FILE = YES;
				INFOPLIST_KEY_UIApplicationSceneManifest_Generation = YES;
				INFOPLIST_KEY_UIApplicationSupportsIndirectInputEvents = YES;
				INFOPLIST_KEY_UILaunchScreen_Generation = YES;
				INFOPLIST_KEY_UISupportedInterfaceOrientations_iPad = "UIInterfaceOrientationPortrait UIInterfaceOrientationPortraitUpsideDown UIInterfaceOrientationLandscapeLeft UIInterfaceOrientationLandscapeRight";
				INFOPLIST_KEY_UISupportedInterfaceOrientations_iPhone = "UIInterfaceOrientationPortrait UIInterfaceOrientationLandscapeLeft UIInterfaceOrientationLandscapeRight";
				IPHONEOS_DEPLOYMENT_TARGET = 16.0;
				LD_RUNPATH_SEARCH_PATHS = (
					"$(inherited)",
					"@executable_path/Frameworks",
				);
				MARKETING_VERSION = 1.0;
				PRODUCT_BUNDLE_IDENTIFIER = com.mwebdesign.FetchMyRecipes;
				PRODUCT_NAME = "$(TARGET_NAME)";
				SWIFT_EMIT_LOC_STRINGS = YES;
				SWIFT_VERSION = 5.0;
				TARGETED_DEVICE_FAMILY = "1,2";
			};
			name = Release;
		};
		963227822DA0CBAA00C8E618 /* Debug */ = {
			isa = XCBuildConfiguration;
			buildSettings = {
				ALWAYS_EMBED_SWIFT_STANDARD_LIBRARIES = YES;
				BUNDLE_LOADER = "$(TEST_HOST)";
				CODE_SIGN_STYLE = Automatic;
				CURRENT_PROJECT_VERSION = 1;
				GENERATE_INFOPLIST_FILE = YES;
				IPHONEOS_DEPLOYMENT_TARGET = 17.2;
				MARKETING_VERSION = 1.0;
				PRODUCT_BUNDLE_IDENTIFIER = com.mwebdesign.FetchMyRecipesTests;
				PRODUCT_NAME = "$(TARGET_NAME)";
				SWIFT_EMIT_LOC_STRINGS = NO;
				SWIFT_VERSION = 5.0;
				TARGETED_DEVICE_FAMILY = "1,2";
				TEST_HOST = "$(BUILT_PRODUCTS_DIR)/FetchMyRecipes.app/$(BUNDLE_EXECUTABLE_FOLDER_PATH)/FetchMyRecipes";
			};
			name = Debug;
		};
		963227832DA0CBAA00C8E618 /* Release */ = {
			isa = XCBuildConfiguration;
			buildSettings = {
				ALWAYS_EMBED_SWIFT_STANDARD_LIBRARIES = YES;
				BUNDLE_LOADER = "$(TEST_HOST)";
				CODE_SIGN_STYLE = Automatic;
				CURRENT_PROJECT_VERSION = 1;
				GENERATE_INFOPLIST_FILE = YES;
				IPHONEOS_DEPLOYMENT_TARGET = 17.2;
				MARKETING_VERSION = 1.0;
				PRODUCT_BUNDLE_IDENTIFIER = com.mwebdesign.FetchMyRecipesTests;
				PRODUCT_NAME = "$(TARGET_NAME)";
				SWIFT_EMIT_LOC_STRINGS = NO;
				SWIFT_VERSION = 5.0;
				TARGETED_DEVICE_FAMILY = "1,2";
				TEST_HOST = "$(BUILT_PRODUCTS_DIR)/FetchMyRecipes.app/$(BUNDLE_EXECUTABLE_FOLDER_PATH)/FetchMyRecipes";
			};
			name = Release;
		};
		963227852DA0CBAA00C8E618 /* Debug */ = {
			isa = XCBuildConfiguration;
			buildSettings = {
				ALWAYS_EMBED_SWIFT_STANDARD_LIBRARIES = YES;
				CODE_SIGN_STYLE = Automatic;
				CURRENT_PROJECT_VERSION = 1;
				GENERATE_INFOPLIST_FILE = YES;
				MARKETING_VERSION = 1.0;
				PRODUCT_BUNDLE_IDENTIFIER = com.mwebdesign.FetchMyRecipesUITests;
				PRODUCT_NAME = "$(TARGET_NAME)";
				SWIFT_EMIT_LOC_STRINGS = NO;
				SWIFT_VERSION = 5.0;
				TARGETED_DEVICE_FAMILY = "1,2";
				TEST_TARGET_NAME = FetchMyRecipes;
			};
			name = Debug;
		};
		963227862DA0CBAA00C8E618 /* Release */ = {
			isa = XCBuildConfiguration;
			buildSettings = {
				ALWAYS_EMBED_SWIFT_STANDARD_LIBRARIES = YES;
				CODE_SIGN_STYLE = Automatic;
				CURRENT_PROJECT_VERSION = 1;
				GENERATE_INFOPLIST_FILE = YES;
				MARKETING_VERSION = 1.0;
				PRODUCT_BUNDLE_IDENTIFIER = com.mwebdesign.FetchMyRecipesUITests;
				PRODUCT_NAME = "$(TARGET_NAME)";
				SWIFT_EMIT_LOC_STRINGS = NO;
				SWIFT_VERSION = 5.0;
				TARGETED_DEVICE_FAMILY = "1,2";
				TEST_TARGET_NAME = FetchMyRecipes;
			};
			name = Release;
		};
/* End XCBuildConfiguration section */

/* Begin XCConfigurationList section */
		963227552DA0CBA600C8E618 /* Build configuration list for PBXProject "FetchMyRecipes" */ = {
			isa = XCConfigurationList;
			buildConfigurations = (
				9632277C2DA0CBAA00C8E618 /* Debug */,
				9632277D2DA0CBAA00C8E618 /* Release */,
			);
			defaultConfigurationIsVisible = 0;
			defaultConfigurationName = Release;
		};
		9632277E2DA0CBAA00C8E618 /* Build configuration list for PBXNativeTarget "FetchMyRecipes" */ = {
			isa = XCConfigurationList;
			buildConfigurations = (
				9632277F2DA0CBAA00C8E618 /* Debug */,
				963227802DA0CBAA00C8E618 /* Release */,
			);
			defaultConfigurationIsVisible = 0;
			defaultConfigurationName = Release;
		};
		963227812DA0CBAA00C8E618 /* Build configuration list for PBXNativeTarget "FetchMyRecipesTests" */ = {
			isa = XCConfigurationList;
			buildConfigurations = (
				963227822DA0CBAA00C8E618 /* Debug */,
				963227832DA0CBAA00C8E618 /* Release */,
			);
			defaultConfigurationIsVisible = 0;
			defaultConfigurationName = Release;
		};
		963227842DA0CBAA00C8E618 /* Build configuration list for PBXNativeTarget "FetchMyRecipesUITests" */ = {
			isa = XCConfigurationList;
			buildConfigurations = (
				963227852DA0CBAA00C8E618 /* Debug */,
				963227862DA0CBAA00C8E618 /* Release */,
			);
			defaultConfigurationIsVisible = 0;
			defaultConfigurationName = Release;
		};
/* End XCConfigurationList section */
	};
	rootObject = 963227522DA0CBA600C8E618 /* Project object */;
}
